
Microsoft Visual Studio Solution File, Format Version 12.00
# Visual Studio Version 17
VisualStudioVersion = 17.7.34009.444
MinimumVisualStudioVersion = 10.0.40219.1
Project("{FAE04EC0-301F-11D3-BF4B-00C04F79EFBC}") = "CapaPresentacionAdmin", "CapaPresentacionAdmin\CapaPresentacionAdmin.csproj", "{9B3CEAC2-5A38-4E96-B4AF-8F838DD2A5B2}"
EndProject
Project("{FAE04EC0-301F-11D3-BF4B-00C04F79EFBC}") = "CapaPresentacionTienda", "CapaPresentacionTienda\CapaPresentacionTienda.csproj", "{FF8AA4AB-07A4-4BF2-8B18-37FD412882F6}"
EndProject
Global
	GlobalSection(SolutionConfigurationPlatforms) = preSolution
		Debug|Any CPU = Debug|Any CPU
		Release|Any CPU = Release|Any CPU
	EndGlobalSection
	GlobalSection(ProjectConfigurationPlatforms) = postSolution
		{9B3CEAC2-5A38-4E96-B4AF-8F838DD2A5B2}.Debug|Any CPU.ActiveCfg = Debug|Any CPU
		{9B3CEAC2-5A38-4E96-B4AF-8F838DD2A5B2}.Debug|Any CPU.Build.0 = Debug|Any CPU
		{9B3CEAC2-5A38-4E96-B4AF-8F838DD2A5B2}.Release|Any CPU.ActiveCfg = Release|Any CPU
		{9B3CEAC2-5A38-4E96-B4AF-8F838DD2A5B2}.Release|Any CPU.Build.0 = Release|Any CPU
		{FF8AA4AB-07A4-4BF2-8B18-37FD412882F6}.Debug|Any CPU.ActiveCfg = Debug|Any CPU
		{FF8AA4AB-07A4-4BF2-8B18-37FD412882F6}.Debug|Any CPU.Build.0 = Debug|Any CPU
		{FF8AA4AB-07A4-4BF2-8B18-37FD412882F6}.Release|Any CPU.ActiveCfg = Release|Any CPU
		{FF8AA4AB-07A4-4BF2-8B18-37FD412882F6}.Release|Any CPU.Build.0 = Release|Any CPU
	EndGlobalSection
	GlobalSection(SolutionProperties) = preSolution
		HideSolutionNode = FALSE
	EndGlobalSection
	GlobalSection(ExtensibilityGlobals) = postSolution
		SolutionGuid = {D93D7253-E39A-4E62-A8EA-DDABFC305C77}
	EndGlobalSection
EndGlobal
